
Microsoft Visual Studio Solution File, Format Version 12.00
# Visual Studio Version 16
VisualStudioVersion = 16.0.32106.194
MinimumVisualStudioVersion = 10.0.40219.1
Project("{FAE04EC0-301F-11D3-BF4B-00C04F79EFBC}") = "muhasebe_otomasyon", "muhasebe_otomasyon\muhasebe_otomasyon.csproj", "{F8D624C8-9599-4336-B62B-1C022B198C81}"
EndProject
Global
	GlobalSection(SolutionConfigurationPlatforms) = preSolution
		Debug|Any CPU = Debug|Any CPU
		Release|Any CPU = Release|Any CPU
	EndGlobalSection
	GlobalSection(ProjectConfigurationPlatforms) = postSolution
		{F8D624C8-9599-4336-B62B-1C022B198C81}.Debug|Any CPU.ActiveCfg = Debug|Any CPU
		{F8D624C8-9599-4336-B62B-1C022B198C81}.Debug|Any CPU.Build.0 = Debug|Any CPU
		{F8D624C8-9599-4336-B62B-1C022B198C81}.Release|Any CPU.ActiveCfg = Release|Any CPU
		{F8D624C8-9599-4336-B62B-1C022B198C81}.Release|Any CPU.Build.0 = Release|Any CPU
	EndGlobalSection
	GlobalSection(SolutionProperties) = preSolution
		HideSolutionNode = FALSE
	EndGlobalSection
	GlobalSection(ExtensibilityGlobals) = postSolution
		SolutionGuid = {7DCB2F09-8A41-4254-AF08-50F4FE7AF7E3}
	EndGlobalSection
EndGlobal
